
Microsoft Visual Studio Solution File, Format Version 12.00
# Visual Studio 15
VisualStudioVersion = 15.0.27130.2024
MinimumVisualStudioVersion = 10.0.40219.1
Project("{FAE04EC0-301F-11D3-BF4B-00C04F79EFBC}") = "creations.client.angularjs", "creations.client.angularjs\creations.client.angularjs.csproj", "{67D8A3AD-2294-4305-A854-F9831FFF6357}"
EndProject
Project("{FAE04EC0-301F-11D3-BF4B-00C04F79EFBC}") = "creations.data", "creations.data\creations.data.csproj", "{074045E4-E563-4DD5-8667-963F6C171677}"
EndProject
Global
	GlobalSection(SolutionConfigurationPlatforms) = preSolution
		Debug|Any CPU = Debug|Any CPU
		Release|Any CPU = Release|Any CPU
	EndGlobalSection
	GlobalSection(ProjectConfigurationPlatforms) = postSolution
		{67D8A3AD-2294-4305-A854-F9831FFF6357}.Debug|Any CPU.ActiveCfg = Debug|Any CPU
		{67D8A3AD-2294-4305-A854-F9831FFF6357}.Debug|Any CPU.Build.0 = Debug|Any CPU
		{67D8A3AD-2294-4305-A854-F9831FFF6357}.Release|Any CPU.ActiveCfg = Release|Any CPU
		{67D8A3AD-2294-4305-A854-F9831FFF6357}.Release|Any CPU.Build.0 = Release|Any CPU
		{074045E4-E563-4DD5-8667-963F6C171677}.Debug|Any CPU.ActiveCfg = Debug|Any CPU
		{074045E4-E563-4DD5-8667-963F6C171677}.Debug|Any CPU.Build.0 = Debug|Any CPU
		{074045E4-E563-4DD5-8667-963F6C171677}.Release|Any CPU.ActiveCfg = Release|Any CPU
		{074045E4-E563-4DD5-8667-963F6C171677}.Release|Any CPU.Build.0 = Release|Any CPU
	EndGlobalSection
	GlobalSection(SolutionProperties) = preSolution
		HideSolutionNode = FALSE
	EndGlobalSection
	GlobalSection(ExtensibilityGlobals) = postSolution
		SolutionGuid = {5E6A4816-76F0-4EC0-AD47-4ABC937CEC35}
	EndGlobalSection
EndGlobal
